
Microsoft Visual Studio Solution File, Format Version 12.00
# Visual Studio 15
VisualStudioVersion = 15.0.26124.0
MinimumVisualStudioVersion = 15.0.26124.0
Project("{2150E333-8FDC-42A3-9474-1A3956D46DE8}") = "src", "src", "{87B535E9-3FB2-47C9-B898-D55B3510C984}"
EndProject
Project("{2150E333-8FDC-42A3-9474-1A3956D46DE8}") = "test", "test", "{69F1E8DF-034F-433A-A24A-6BA3D5EEE3C6}"
EndProject
Project("{FAE04EC0-301F-11D3-BF4B-00C04F79EFBC}") = "Swync.Api", "src\Swync.Api\Swync.Api.csproj", "{1B69D8AF-48DA-41BD-92F3-8EB87EEE31A8}"
EndProject
Project("{FAE04EC0-301F-11D3-BF4B-00C04F79EFBC}") = "Swync.Core", "src\Swync.Core\Swync.Core.csproj", "{125D24ED-2EE2-470C-B436-693EF7BE32D8}"
EndProject
Project("{FAE04EC0-301F-11D3-BF4B-00C04F79EFBC}") = "Swync.Integration", "test\Swync.Integration\Swync.Integration.csproj", "{87CE167F-02D3-4DC5-9716-CDCE1B7C5DFE}"
EndProject
Project("{FAE04EC0-301F-11D3-BF4B-00C04F79EFBC}") = "Swync.Test", "test\Swync.Test\Swync.Test.csproj", "{C0821354-93F2-48E9-9E04-8ECD6F84C1A1}"
EndProject
Project("{FAE04EC0-301F-11D3-BF4B-00C04F79EFBC}") = "Swync.Test.Common", "test\Swync.Test.Common\Swync.Test.Common.csproj", "{618E0BCB-1D89-4AA3-A60F-FC6E3057323C}"
EndProject
Global
	GlobalSection(SolutionConfigurationPlatforms) = preSolution
		Debug|Any CPU = Debug|Any CPU
		Debug|x64 = Debug|x64
		Debug|x86 = Debug|x86
		Release|Any CPU = Release|Any CPU
		Release|x64 = Release|x64
		Release|x86 = Release|x86
	EndGlobalSection
	GlobalSection(SolutionProperties) = preSolution
		HideSolutionNode = FALSE
	EndGlobalSection
	GlobalSection(ProjectConfigurationPlatforms) = postSolution
		{1B69D8AF-48DA-41BD-92F3-8EB87EEE31A8}.Debug|Any CPU.ActiveCfg = Debug|Any CPU
		{1B69D8AF-48DA-41BD-92F3-8EB87EEE31A8}.Debug|Any CPU.Build.0 = Debug|Any CPU
		{1B69D8AF-48DA-41BD-92F3-8EB87EEE31A8}.Debug|x64.ActiveCfg = Debug|Any CPU
		{1B69D8AF-48DA-41BD-92F3-8EB87EEE31A8}.Debug|x64.Build.0 = Debug|Any CPU
		{1B69D8AF-48DA-41BD-92F3-8EB87EEE31A8}.Debug|x86.ActiveCfg = Debug|Any CPU
		{1B69D8AF-48DA-41BD-92F3-8EB87EEE31A8}.Debug|x86.Build.0 = Debug|Any CPU
		{1B69D8AF-48DA-41BD-92F3-8EB87EEE31A8}.Release|Any CPU.ActiveCfg = Release|Any CPU
		{1B69D8AF-48DA-41BD-92F3-8EB87EEE31A8}.Release|Any CPU.Build.0 = Release|Any CPU
		{1B69D8AF-48DA-41BD-92F3-8EB87EEE31A8}.Release|x64.ActiveCfg = Release|Any CPU
		{1B69D8AF-48DA-41BD-92F3-8EB87EEE31A8}.Release|x64.Build.0 = Release|Any CPU
		{1B69D8AF-48DA-41BD-92F3-8EB87EEE31A8}.Release|x86.ActiveCfg = Release|Any CPU
		{1B69D8AF-48DA-41BD-92F3-8EB87EEE31A8}.Release|x86.Build.0 = Release|Any CPU
		{125D24ED-2EE2-470C-B436-693EF7BE32D8}.Debug|Any CPU.ActiveCfg = Debug|Any CPU
		{125D24ED-2EE2-470C-B436-693EF7BE32D8}.Debug|Any CPU.Build.0 = Debug|Any CPU
		{125D24ED-2EE2-470C-B436-693EF7BE32D8}.Debug|x64.ActiveCfg = Debug|Any CPU
		{125D24ED-2EE2-470C-B436-693EF7BE32D8}.Debug|x64.Build.0 = Debug|Any CPU
		{125D24ED-2EE2-470C-B436-693EF7BE32D8}.Debug|x86.ActiveCfg = Debug|Any CPU
		{125D24ED-2EE2-470C-B436-693EF7BE32D8}.Debug|x86.Build.0 = Debug|Any CPU
		{125D24ED-2EE2-470C-B436-693EF7BE32D8}.Release|Any CPU.ActiveCfg = Release|Any CPU
		{125D24ED-2EE2-470C-B436-693EF7BE32D8}.Release|Any CPU.Build.0 = Release|Any CPU
		{125D24ED-2EE2-470C-B436-693EF7BE32D8}.Release|x64.ActiveCfg = Release|Any CPU
		{125D24ED-2EE2-470C-B436-693EF7BE32D8}.Release|x64.Build.0 = Release|Any CPU
		{125D24ED-2EE2-470C-B436-693EF7BE32D8}.Release|x86.ActiveCfg = Release|Any CPU
		{125D24ED-2EE2-470C-B436-693EF7BE32D8}.Release|x86.Build.0 = Release|Any CPU
		{87CE167F-02D3-4DC5-9716-CDCE1B7C5DFE}.Debug|Any CPU.ActiveCfg = Debug|Any CPU
		{87CE167F-02D3-4DC5-9716-CDCE1B7C5DFE}.Debug|Any CPU.Build.0 = Debug|Any CPU
		{87CE167F-02D3-4DC5-9716-CDCE1B7C5DFE}.Debug|x64.ActiveCfg = Debug|Any CPU
		{87CE167F-02D3-4DC5-9716-CDCE1B7C5DFE}.Debug|x64.Build.0 = Debug|Any CPU
		{87CE167F-02D3-4DC5-9716-CDCE1B7C5DFE}.Debug|x86.ActiveCfg = Debug|Any CPU
		{87CE167F-02D3-4DC5-9716-CDCE1B7C5DFE}.Debug|x86.Build.0 = Debug|Any CPU
		{87CE167F-02D3-4DC5-9716-CDCE1B7C5DFE}.Release|Any CPU.ActiveCfg = Release|Any CPU
		{87CE167F-02D3-4DC5-9716-CDCE1B7C5DFE}.Release|Any CPU.Build.0 = Release|Any CPU
		{87CE167F-02D3-4DC5-9716-CDCE1B7C5DFE}.Release|x64.ActiveCfg = Release|Any CPU
		{87CE167F-02D3-4DC5-9716-CDCE1B7C5DFE}.Release|x64.Build.0 = Release|Any CPU
		{87CE167F-02D3-4DC5-9716-CDCE1B7C5DFE}.Release|x86.ActiveCfg = Release|Any CPU
		{87CE167F-02D3-4DC5-9716-CDCE1B7C5DFE}.Release|x86.Build.0 = Release|Any CPU
		{C0821354-93F2-48E9-9E04-8ECD6F84C1A1}.Debug|Any CPU.ActiveCfg = Debug|Any CPU
		{C0821354-93F2-48E9-9E04-8ECD6F84C1A1}.Debug|Any CPU.Build.0 = Debug|Any CPU
		{C0821354-93F2-48E9-9E04-8ECD6F84C1A1}.Debug|x64.ActiveCfg = Debug|Any CPU
		{C0821354-93F2-48E9-9E04-8ECD6F84C1A1}.Debug|x64.Build.0 = Debug|Any CPU
		{C0821354-93F2-48E9-9E04-8ECD6F84C1A1}.Debug|x86.ActiveCfg = Debug|Any CPU
		{C0821354-93F2-48E9-9E04-8ECD6F84C1A1}.Debug|x86.Build.0 = Debug|Any CPU
		{C0821354-93F2-48E9-9E04-8ECD6F84C1A1}.Release|Any CPU.ActiveCfg = Release|Any CPU
		{C0821354-93F2-48E9-9E04-8ECD6F84C1A1}.Release|Any CPU.Build.0 = Release|Any CPU
		{C0821354-93F2-48E9-9E04-8ECD6F84C1A1}.Release|x64.ActiveCfg = Release|Any CPU
		{C0821354-93F2-48E9-9E04-8ECD6F84C1A1}.Release|x64.Build.0 = Release|Any CPU
		{C0821354-93F2-48E9-9E04-8ECD6F84C1A1}.Release|x86.ActiveCfg = Release|Any CPU
		{C0821354-93F2-48E9-9E04-8ECD6F84C1A1}.Release|x86.Build.0 = Release|Any CPU
		{618E0BCB-1D89-4AA3-A60F-FC6E3057323C}.Debug|Any CPU.ActiveCfg = Debug|Any CPU
		{618E0BCB-1D89-4AA3-A60F-FC6E3057323C}.Debug|Any CPU.Build.0 = Debug|Any CPU
		{618E0BCB-1D89-4AA3-A60F-FC6E3057323C}.Debug|x64.ActiveCfg = Debug|Any CPU
		{618E0BCB-1D89-4AA3-A60F-FC6E3057323C}.Debug|x64.Build.0 = Debug|Any CPU
		{618E0BCB-1D89-4AA3-A60F-FC6E3057323C}.Debug|x86.ActiveCfg = Debug|Any CPU
		{618E0BCB-1D89-4AA3-A60F-FC6E3057323C}.Debug|x86.Build.0 = Debug|Any CPU
		{618E0BCB-1D89-4AA3-A60F-FC6E3057323C}.Release|Any CPU.ActiveCfg = Release|Any CPU
		{618E0BCB-1D89-4AA3-A60F-FC6E3057323C}.Release|Any CPU.Build.0 = Release|Any CPU
		{618E0BCB-1D89-4AA3-A60F-FC6E3057323C}.Release|x64.ActiveCfg = Release|Any CPU
		{618E0BCB-1D89-4AA3-A60F-FC6E3057323C}.Release|x64.Build.0 = Release|Any CPU
		{618E0BCB-1D89-4AA3-A60F-FC6E3057323C}.Release|x86.ActiveCfg = Release|Any CPU
		{618E0BCB-1D89-4AA3-A60F-FC6E3057323C}.Release|x86.Build.0 = Release|Any CPU
	EndGlobalSection
	GlobalSection(NestedProjects) = preSolution
		{1B69D8AF-48DA-41BD-92F3-8EB87EEE31A8} = {87B535E9-3FB2-47C9-B898-D55B3510C984}
		{125D24ED-2EE2-470C-B436-693EF7BE32D8} = {87B535E9-3FB2-47C9-B898-D55B3510C984}
		{87CE167F-02D3-4DC5-9716-CDCE1B7C5DFE} = {69F1E8DF-034F-433A-A24A-6BA3D5EEE3C6}
		{C0821354-93F2-48E9-9E04-8ECD6F84C1A1} = {69F1E8DF-034F-433A-A24A-6BA3D5EEE3C6}
		{618E0BCB-1D89-4AA3-A60F-FC6E3057323C} = {69F1E8DF-034F-433A-A24A-6BA3D5EEE3C6}
	EndGlobalSection
EndGlobal
